
Microsoft Visual Studio Solution File, Format Version 12.00
# Visual Studio Version 17
VisualStudioVersion = 17.10.35013.160
MinimumVisualStudioVersion = 10.0.40219.1
Project("{FAE04EC0-301F-11D3-BF4B-00C04F79EFBC}") = "BootstrapProto", "BootstrapProto.csproj", "{47DC8C69-D334-4F7A-B315-D1E5223B0C69}"
EndProject
Global
	GlobalSection(SolutionConfigurationPlatforms) = preSolution
		Debug|Any CPU = Debug|Any CPU
		Release|Any CPU = Release|Any CPU
	EndGlobalSection
	GlobalSection(ProjectConfigurationPlatforms) = postSolution
		{47DC8C69-D334-4F7A-B315-D1E5223B0C69}.Debug|Any CPU.ActiveCfg = Debug|Any CPU
		{47DC8C69-D334-4F7A-B315-D1E5223B0C69}.Debug|Any CPU.Build.0 = Debug|Any CPU
		{47DC8C69-D334-4F7A-B315-D1E5223B0C69}.Release|Any CPU.ActiveCfg = Release|Any CPU
		{47DC8C69-D334-4F7A-B315-D1E5223B0C69}.Release|Any CPU.Build.0 = Release|Any CPU
	EndGlobalSection
	GlobalSection(SolutionProperties) = preSolution
		HideSolutionNode = FALSE
	EndGlobalSection
	GlobalSection(ExtensibilityGlobals) = postSolution
		SolutionGuid = {162160A1-71FF-408F-9DF5-9F5CD08CDC3C}
	EndGlobalSection
EndGlobal
